{
	"name": "@utilly/framework",
	"version": "1.0.0",
	"lockfileVersion": 2,
	"requires": true,
	"packages": {
		"": {
			"name": "@utilly/framework",
			"version": "1.0.0",
			"dependencies": {
				"eris": "github:jtsshieh/eris#utilly",
				"reflect-metadata": "^0.1.13"
			},
			"devDependencies": {
				"@types/node": "^14.6.2"
			}
		},
		"node_modules/@types/node": {
			"version": "14.14.6",
			"resolved": "https://registry.npmjs.org/@types/node/-/node-14.14.6.tgz",
			"integrity": "sha512-6QlRuqsQ/Ox/aJEQWBEJG7A9+u7oSYl3mem/K8IzxXG/kAGbV1YPD9Bg9Zw3vyxC/YP+zONKwy8hGkSt1jxFMw==",
			"dev": true
		},
		"node_modules/eris": {
			"version": "0.14.0",
			"resolved": "git+ssh://git@github.com/jtsshieh/eris.git#a805bba7d63a4590895cefa5886a9ebeb81d4e73",
			"license": "MIT",
			"dependencies": {
				"opusscript": "^0.0.7",
				"tweetnacl": "^1.0.1",
				"ws": "^7.2.1"
			},
			"engines": {
				"node": ">=8.0.0"
			},
			"optionalDependencies": {
				"opusscript": "^0.0.7",
				"tweetnacl": "^1.0.1"
			}
		},
		"node_modules/opusscript": {
			"version": "0.0.7",
			"resolved": "https://registry.npmjs.org/opusscript/-/opusscript-0.0.7.tgz",
			"integrity": "sha512-DcBadTdYTUuH9zQtepsLjQn4Ll6rs3dmeFvN+SD0ThPnxRBRm/WC1zXWPg+wgAJimB784gdZvUMA57gDP7FdVg==",
			"optional": true
		},
		"node_modules/reflect-metadata": {
			"version": "0.1.13",
			"resolved": "https://registry.npmjs.org/reflect-metadata/-/reflect-metadata-0.1.13.tgz",
			"integrity": "sha512-Ts1Y/anZELhSsjMcU605fU9RE4Oi3p5ORujwbIKXfWa+0Zxs510Qrmrce5/Jowq3cHSZSJqBjypxmHarc+vEWg=="
		},
		"node_modules/tweetnacl": {
			"version": "1.0.3",
			"resolved": "https://registry.npmjs.org/tweetnacl/-/tweetnacl-1.0.3.tgz",
			"integrity": "sha512-6rt+RN7aOi1nGMyC4Xa5DdYiukl2UWCbcJft7YhxReBGQD7OAM8Pbxw6YMo4r2diNEA8FEmu32YOn9rhaiE5yw==",
			"optional": true
		},
		"node_modules/ws": {
			"version": "7.4.0",
			"resolved": "https://registry.npmjs.org/ws/-/ws-7.4.0.tgz",
			"integrity": "sha512-kyFwXuV/5ymf+IXhS6f0+eAFvydbaBW3zjpT6hUdAh/hbVjTIB5EHBGi0bPoCLSK2wcuz3BrEkB9LrYv1Nm4NQ==",
			"engines": {
				"node": ">=8.3.0"
			},
			"peerDependencies": {
				"bufferutil": "^4.0.1",
				"utf-8-validate": "^5.0.2"
			},
			"peerDependenciesMeta": {
				"bufferutil": {
					"optional": true
				},
				"utf-8-validate": {
					"optional": true
				}
			}
		}
	},
	"dependencies": {
		"@types/node": {
			"version": "14.14.6",
			"resolved": "https://registry.npmjs.org/@types/node/-/node-14.14.6.tgz",
			"integrity": "sha512-6QlRuqsQ/Ox/aJEQWBEJG7A9+u7oSYl3mem/K8IzxXG/kAGbV1YPD9Bg9Zw3vyxC/YP+zONKwy8hGkSt1jxFMw==",
			"dev": true
		},
		"eris": {
			"version": "git+ssh://git@github.com/jtsshieh/eris.git#a805bba7d63a4590895cefa5886a9ebeb81d4e73",
			"from": "eris@github:jtsshieh/eris#utilly",
			"requires": {
				"opusscript": "^0.0.7",
				"tweetnacl": "^1.0.1",
				"ws": "^7.2.1"
			}
		},
		"opusscript": {
			"version": "0.0.7",
			"resolved": "https://registry.npmjs.org/opusscript/-/opusscript-0.0.7.tgz",
			"integrity": "sha512-DcBadTdYTUuH9zQtepsLjQn4Ll6rs3dmeFvN+SD0ThPnxRBRm/WC1zXWPg+wgAJimB784gdZvUMA57gDP7FdVg==",
			"optional": true
		},
		"reflect-metadata": {
			"version": "0.1.13",
			"resolved": "https://registry.npmjs.org/reflect-metadata/-/reflect-metadata-0.1.13.tgz",
			"integrity": "sha512-Ts1Y/anZELhSsjMcU605fU9RE4Oi3p5ORujwbIKXfWa+0Zxs510Qrmrce5/Jowq3cHSZSJqBjypxmHarc+vEWg=="
		},
		"tweetnacl": {
			"version": "1.0.3",
			"resolved": "https://registry.npmjs.org/tweetnacl/-/tweetnacl-1.0.3.tgz",
			"integrity": "sha512-6rt+RN7aOi1nGMyC4Xa5DdYiukl2UWCbcJft7YhxReBGQD7OAM8Pbxw6YMo4r2diNEA8FEmu32YOn9rhaiE5yw==",
			"optional": true
		},
		"ws": {
			"version": "7.4.0",
			"resolved": "https://registry.npmjs.org/ws/-/ws-7.4.0.tgz",
			"integrity": "sha512-kyFwXuV/5ymf+IXhS6f0+eAFvydbaBW3zjpT6hUdAh/hbVjTIB5EHBGi0bPoCLSK2wcuz3BrEkB9LrYv1Nm4NQ==",
			"requires": {}
		}
	}
}
