{
	"name": "@utilly/core",
	"version": "1.0.0",
	"lockfileVersion": 2,
	"requires": true,
	"packages": {
		"": {
			"name": "@utilly/core",
			"version": "1.0.0",
			"dependencies": {
				"@sentry/node": "^5.27.3",
				"dotenv": "^8.2.0"
			}
		},
		"node_modules/@sentry/core": {
			"version": "5.27.3",
			"resolved": "https://registry.npmjs.org/@sentry/core/-/core-5.27.3.tgz",
			"integrity": "sha512-yqepQO88jSt5hy0awpk61AxI4oHB09LjVbUEk4nJDg+1YXuND23cuZvH+Sp2jCZX2vrsw2tefwflToYfA8/U2w==",
			"dependencies": {
				"@sentry/hub": "5.27.3",
				"@sentry/minimal": "5.27.3",
				"@sentry/types": "5.27.3",
				"@sentry/utils": "5.27.3",
				"tslib": "^1.9.3"
			},
			"engines": {
				"node": ">=6"
			}
		},
		"node_modules/@sentry/hub": {
			"version": "5.27.3",
			"resolved": "https://registry.npmjs.org/@sentry/hub/-/hub-5.27.3.tgz",
			"integrity": "sha512-icEH3hr6NVQkpowXZcPOs9IgJZP5lMKtvud4mVioSpkd+NxtRdKrGEX4eF2TCviOJc9Md0mV4K+aL5Au7hxggQ==",
			"dependencies": {
				"@sentry/types": "5.27.3",
				"@sentry/utils": "5.27.3",
				"tslib": "^1.9.3"
			},
			"engines": {
				"node": ">=6"
			}
		},
		"node_modules/@sentry/minimal": {
			"version": "5.27.3",
			"resolved": "https://registry.npmjs.org/@sentry/minimal/-/minimal-5.27.3.tgz",
			"integrity": "sha512-ng01cM0rsE1RMjqVTpPLN0ZVkTo0I675usM1krkpQe8ddW6tfQ6EJWpt02/BrpQZRQzTtfWp6/RyB1KFXg6icg==",
			"dependencies": {
				"@sentry/hub": "5.27.3",
				"@sentry/types": "5.27.3",
				"tslib": "^1.9.3"
			},
			"engines": {
				"node": ">=6"
			}
		},
		"node_modules/@sentry/node": {
			"version": "5.27.3",
			"resolved": "https://registry.npmjs.org/@sentry/node/-/node-5.27.3.tgz",
			"integrity": "sha512-IZ/TkYRY+P/E5C+RF6Rcb6tpY59fyk0040Q3akzbDjb/hrw5TRKnK8fJ6/0gXCAOvlDPIlpRHFJgJ1p2QgWy+g==",
			"dependencies": {
				"@sentry/core": "5.27.3",
				"@sentry/hub": "5.27.3",
				"@sentry/tracing": "5.27.3",
				"@sentry/types": "5.27.3",
				"@sentry/utils": "5.27.3",
				"cookie": "^0.4.1",
				"https-proxy-agent": "^5.0.0",
				"lru_map": "^0.3.3",
				"tslib": "^1.9.3"
			},
			"engines": {
				"node": ">=6"
			}
		},
		"node_modules/@sentry/tracing": {
			"version": "5.27.3",
			"resolved": "https://registry.npmjs.org/@sentry/tracing/-/tracing-5.27.3.tgz",
			"integrity": "sha512-UWrHMdGxPfx1u558CWm1tptc2z0BuqCHVe2+BNN7POahq5BkpbGqaotyPQTBHbfmcs6QGfsMG57ou8HQFrBxyA==",
			"dependencies": {
				"@sentry/hub": "5.27.3",
				"@sentry/minimal": "5.27.3",
				"@sentry/types": "5.27.3",
				"@sentry/utils": "5.27.3",
				"tslib": "^1.9.3"
			},
			"engines": {
				"node": ">=6"
			}
		},
		"node_modules/@sentry/types": {
			"version": "5.27.3",
			"resolved": "https://registry.npmjs.org/@sentry/types/-/types-5.27.3.tgz",
			"integrity": "sha512-PkWhMArFMxBb1g3HtMEL8Ea9PYae2MU0z9CMIWiqzerFy2ZpKG98IU3pt8ic4JkmKQdwB8hDiZpRPMHhW0WYwQ==",
			"engines": {
				"node": ">=6"
			}
		},
		"node_modules/@sentry/utils": {
			"version": "5.27.3",
			"resolved": "https://registry.npmjs.org/@sentry/utils/-/utils-5.27.3.tgz",
			"integrity": "sha512-R9WvFrRBALZvCzu/9BsuXBCfkNxz4MwdBNSXaBsJo4afQw1ljkjIc9DpHzlL9S9goIwXo81Buwmr5gGDO6aH+Q==",
			"dependencies": {
				"@sentry/types": "5.27.3",
				"tslib": "^1.9.3"
			},
			"engines": {
				"node": ">=6"
			}
		},
		"node_modules/agent-base": {
			"version": "6.0.2",
			"resolved": "https://registry.npmjs.org/agent-base/-/agent-base-6.0.2.tgz",
			"integrity": "sha512-RZNwNclF7+MS/8bDg70amg32dyeZGZxiDuQmZxKLAlQjr3jGyLx+4Kkk58UO7D2QdgFIQCovuSuZESne6RG6XQ==",
			"dependencies": {
				"debug": "4"
			},
			"engines": {
				"node": ">= 6.0.0"
			}
		},
		"node_modules/cookie": {
			"version": "0.4.1",
			"resolved": "https://registry.npmjs.org/cookie/-/cookie-0.4.1.tgz",
			"integrity": "sha512-ZwrFkGJxUR3EIoXtO+yVE69Eb7KlixbaeAWfBQB9vVsNn/o+Yw69gBWSSDK825hQNdN+wF8zELf3dFNl/kxkUA==",
			"engines": {
				"node": ">= 0.6"
			}
		},
		"node_modules/debug": {
			"version": "4.2.0",
			"resolved": "https://registry.npmjs.org/debug/-/debug-4.2.0.tgz",
			"integrity": "sha512-IX2ncY78vDTjZMFUdmsvIRFY2Cf4FnD0wRs+nQwJU8Lu99/tPFdb0VybiiMTPe3I6rQmwsqQqRBvxU+bZ/I8sg==",
			"dependencies": {
				"ms": "2.1.2"
			},
			"engines": {
				"node": ">=6.0"
			},
			"peerDependenciesMeta": {
				"supports-color": {
					"optional": true
				}
			}
		},
		"node_modules/dotenv": {
			"version": "8.2.0",
			"resolved": "https://registry.npmjs.org/dotenv/-/dotenv-8.2.0.tgz",
			"integrity": "sha512-8sJ78ElpbDJBHNeBzUbUVLsqKdccaa/BXF1uPTw3GrvQTBgrQrtObr2mUrE38vzYd8cEv+m/JBfDLioYcfXoaw==",
			"engines": {
				"node": ">=8"
			}
		},
		"node_modules/https-proxy-agent": {
			"version": "5.0.0",
			"resolved": "https://registry.npmjs.org/https-proxy-agent/-/https-proxy-agent-5.0.0.tgz",
			"integrity": "sha512-EkYm5BcKUGiduxzSt3Eppko+PiNWNEpa4ySk9vTC6wDsQJW9rHSa+UhGNJoRYp7bz6Ht1eaRIa6QaJqO5rCFbA==",
			"dependencies": {
				"agent-base": "6",
				"debug": "4"
			},
			"engines": {
				"node": ">= 6"
			}
		},
		"node_modules/lru_map": {
			"version": "0.3.3",
			"resolved": "https://registry.npmjs.org/lru_map/-/lru_map-0.3.3.tgz",
			"integrity": "sha1-tcg1G5Rky9dQM1p5ZQoOwOVhGN0="
		},
		"node_modules/ms": {
			"version": "2.1.2",
			"resolved": "https://registry.npmjs.org/ms/-/ms-2.1.2.tgz",
			"integrity": "sha512-sGkPx+VjMtmA6MX27oA4FBFELFCZZ4S4XqeGOXCv68tT+jb3vk/RyaKWP0PTKyWtmLSM0b+adUTEvbs1PEaH2w=="
		},
		"node_modules/tslib": {
			"version": "1.14.1",
			"resolved": "https://registry.npmjs.org/tslib/-/tslib-1.14.1.tgz",
			"integrity": "sha512-Xni35NKzjgMrwevysHTCArtLDpPvye8zV/0E4EyYn43P7/7qvQwPh9BGkHewbMulVntbigmcT7rdX3BNo9wRJg=="
		}
	},
	"dependencies": {
		"@sentry/core": {
			"version": "5.27.3",
			"resolved": "https://registry.npmjs.org/@sentry/core/-/core-5.27.3.tgz",
			"integrity": "sha512-yqepQO88jSt5hy0awpk61AxI4oHB09LjVbUEk4nJDg+1YXuND23cuZvH+Sp2jCZX2vrsw2tefwflToYfA8/U2w==",
			"requires": {
				"@sentry/hub": "5.27.3",
				"@sentry/minimal": "5.27.3",
				"@sentry/types": "5.27.3",
				"@sentry/utils": "5.27.3",
				"tslib": "^1.9.3"
			}
		},
		"@sentry/hub": {
			"version": "5.27.3",
			"resolved": "https://registry.npmjs.org/@sentry/hub/-/hub-5.27.3.tgz",
			"integrity": "sha512-icEH3hr6NVQkpowXZcPOs9IgJZP5lMKtvud4mVioSpkd+NxtRdKrGEX4eF2TCviOJc9Md0mV4K+aL5Au7hxggQ==",
			"requires": {
				"@sentry/types": "5.27.3",
				"@sentry/utils": "5.27.3",
				"tslib": "^1.9.3"
			}
		},
		"@sentry/minimal": {
			"version": "5.27.3",
			"resolved": "https://registry.npmjs.org/@sentry/minimal/-/minimal-5.27.3.tgz",
			"integrity": "sha512-ng01cM0rsE1RMjqVTpPLN0ZVkTo0I675usM1krkpQe8ddW6tfQ6EJWpt02/BrpQZRQzTtfWp6/RyB1KFXg6icg==",
			"requires": {
				"@sentry/hub": "5.27.3",
				"@sentry/types": "5.27.3",
				"tslib": "^1.9.3"
			}
		},
		"@sentry/node": {
			"version": "5.27.3",
			"resolved": "https://registry.npmjs.org/@sentry/node/-/node-5.27.3.tgz",
			"integrity": "sha512-IZ/TkYRY+P/E5C+RF6Rcb6tpY59fyk0040Q3akzbDjb/hrw5TRKnK8fJ6/0gXCAOvlDPIlpRHFJgJ1p2QgWy+g==",
			"requires": {
				"@sentry/core": "5.27.3",
				"@sentry/hub": "5.27.3",
				"@sentry/tracing": "5.27.3",
				"@sentry/types": "5.27.3",
				"@sentry/utils": "5.27.3",
				"cookie": "^0.4.1",
				"https-proxy-agent": "^5.0.0",
				"lru_map": "^0.3.3",
				"tslib": "^1.9.3"
			}
		},
		"@sentry/tracing": {
			"version": "5.27.3",
			"resolved": "https://registry.npmjs.org/@sentry/tracing/-/tracing-5.27.3.tgz",
			"integrity": "sha512-UWrHMdGxPfx1u558CWm1tptc2z0BuqCHVe2+BNN7POahq5BkpbGqaotyPQTBHbfmcs6QGfsMG57ou8HQFrBxyA==",
			"requires": {
				"@sentry/hub": "5.27.3",
				"@sentry/minimal": "5.27.3",
				"@sentry/types": "5.27.3",
				"@sentry/utils": "5.27.3",
				"tslib": "^1.9.3"
			}
		},
		"@sentry/types": {
			"version": "5.27.3",
			"resolved": "https://registry.npmjs.org/@sentry/types/-/types-5.27.3.tgz",
			"integrity": "sha512-PkWhMArFMxBb1g3HtMEL8Ea9PYae2MU0z9CMIWiqzerFy2ZpKG98IU3pt8ic4JkmKQdwB8hDiZpRPMHhW0WYwQ=="
		},
		"@sentry/utils": {
			"version": "5.27.3",
			"resolved": "https://registry.npmjs.org/@sentry/utils/-/utils-5.27.3.tgz",
			"integrity": "sha512-R9WvFrRBALZvCzu/9BsuXBCfkNxz4MwdBNSXaBsJo4afQw1ljkjIc9DpHzlL9S9goIwXo81Buwmr5gGDO6aH+Q==",
			"requires": {
				"@sentry/types": "5.27.3",
				"tslib": "^1.9.3"
			}
		},
		"agent-base": {
			"version": "6.0.2",
			"resolved": "https://registry.npmjs.org/agent-base/-/agent-base-6.0.2.tgz",
			"integrity": "sha512-RZNwNclF7+MS/8bDg70amg32dyeZGZxiDuQmZxKLAlQjr3jGyLx+4Kkk58UO7D2QdgFIQCovuSuZESne6RG6XQ==",
			"requires": {
				"debug": "4"
			}
		},
		"cookie": {
			"version": "0.4.1",
			"resolved": "https://registry.npmjs.org/cookie/-/cookie-0.4.1.tgz",
			"integrity": "sha512-ZwrFkGJxUR3EIoXtO+yVE69Eb7KlixbaeAWfBQB9vVsNn/o+Yw69gBWSSDK825hQNdN+wF8zELf3dFNl/kxkUA=="
		},
		"debug": {
			"version": "4.2.0",
			"resolved": "https://registry.npmjs.org/debug/-/debug-4.2.0.tgz",
			"integrity": "sha512-IX2ncY78vDTjZMFUdmsvIRFY2Cf4FnD0wRs+nQwJU8Lu99/tPFdb0VybiiMTPe3I6rQmwsqQqRBvxU+bZ/I8sg==",
			"requires": {
				"ms": "2.1.2"
			}
		},
		"dotenv": {
			"version": "8.2.0",
			"resolved": "https://registry.npmjs.org/dotenv/-/dotenv-8.2.0.tgz",
			"integrity": "sha512-8sJ78ElpbDJBHNeBzUbUVLsqKdccaa/BXF1uPTw3GrvQTBgrQrtObr2mUrE38vzYd8cEv+m/JBfDLioYcfXoaw=="
		},
		"https-proxy-agent": {
			"version": "5.0.0",
			"resolved": "https://registry.npmjs.org/https-proxy-agent/-/https-proxy-agent-5.0.0.tgz",
			"integrity": "sha512-EkYm5BcKUGiduxzSt3Eppko+PiNWNEpa4ySk9vTC6wDsQJW9rHSa+UhGNJoRYp7bz6Ht1eaRIa6QaJqO5rCFbA==",
			"requires": {
				"agent-base": "6",
				"debug": "4"
			}
		},
		"lru_map": {
			"version": "0.3.3",
			"resolved": "https://registry.npmjs.org/lru_map/-/lru_map-0.3.3.tgz",
			"integrity": "sha1-tcg1G5Rky9dQM1p5ZQoOwOVhGN0="
		},
		"ms": {
			"version": "2.1.2",
			"resolved": "https://registry.npmjs.org/ms/-/ms-2.1.2.tgz",
			"integrity": "sha512-sGkPx+VjMtmA6MX27oA4FBFELFCZZ4S4XqeGOXCv68tT+jb3vk/RyaKWP0PTKyWtmLSM0b+adUTEvbs1PEaH2w=="
		},
		"tslib": {
			"version": "1.14.1",
			"resolved": "https://registry.npmjs.org/tslib/-/tslib-1.14.1.tgz",
			"integrity": "sha512-Xni35NKzjgMrwevysHTCArtLDpPvye8zV/0E4EyYn43P7/7qvQwPh9BGkHewbMulVntbigmcT7rdX3BNo9wRJg=="
		}
	}
}
